
Microsoft Visual Studio Solution File, Format Version 12.00
# Visual Studio 15
VisualStudioVersion = 15.0.27130.2024
MinimumVisualStudioVersion = 10.0.40219.1
Project("{FAE04EC0-301F-11D3-BF4B-00C04F79EFBC}") = "ExceliaMvc", "ExceliaMvc\ExceliaMvc.csproj", "{D0424008-A118-4541-A953-715B30773A66}"
EndProject
Project("{2150E333-8FDC-42A3-9474-1A3956D46DE8}") = "src", "src", "{AFAC5546-864C-4DF7-8857-341A411E73FC}"
EndProject
Global
	GlobalSection(SolutionConfigurationPlatforms) = preSolution
		Debug|Any CPU = Debug|Any CPU
		Release|Any CPU = Release|Any CPU
	EndGlobalSection
	GlobalSection(ProjectConfigurationPlatforms) = postSolution
		{D0424008-A118-4541-A953-715B30773A66}.Debug|Any CPU.ActiveCfg = Debug|Any CPU
		{D0424008-A118-4541-A953-715B30773A66}.Debug|Any CPU.Build.0 = Debug|Any CPU
		{D0424008-A118-4541-A953-715B30773A66}.Release|Any CPU.ActiveCfg = Release|Any CPU
		{D0424008-A118-4541-A953-715B30773A66}.Release|Any CPU.Build.0 = Release|Any CPU
	EndGlobalSection
	GlobalSection(SolutionProperties) = preSolution
		HideSolutionNode = FALSE
	EndGlobalSection
	GlobalSection(NestedProjects) = preSolution
		{D0424008-A118-4541-A953-715B30773A66} = {AFAC5546-864C-4DF7-8857-341A411E73FC}
	EndGlobalSection
	GlobalSection(ExtensibilityGlobals) = postSolution
		SolutionGuid = {4935A257-D37B-45F4-AF41-1445B8E33889}
	EndGlobalSection
EndGlobal
